
Microsoft Visual Studio Solution File, Format Version 12.00
# Visual Studio Version 17
VisualStudioVersion = 17.7.34031.279
MinimumVisualStudioVersion = 10.0.40219.1
Project("{9A19103F-16F7-4668-BE54-9A1E7A4F7556}") = "API_HotelManagement", "API_HotelManagement\API_HotelManagement.csproj", "{9FDA1230-BD75-4F06-BB88-66C4F98640D8}"
EndProject
Project("{9A19103F-16F7-4668-BE54-9A1E7A4F7556}") = "API_HotelManagement.Business", "API_HotelManagement.Business\API_HotelManagement.Business.csproj", "{529217A7-F943-4425-8F7F-C97A87AB198B}"
EndProject
Project("{9A19103F-16F7-4668-BE54-9A1E7A4F7556}") = "API_HotelManagement.common", "API_HotelManagement.common\API_HotelManagement.common.csproj", "{A89F0782-F117-45A9-AB40-EC2D3282899C}"
EndProject
Project("{9A19103F-16F7-4668-BE54-9A1E7A4F7556}") = "API_HotelManagement.Data", "API_HotelManagement.Data\API_HotelManagement.Data.csproj", "{9D7BFE47-5FD0-4291-8EE2-1CA7502EF95C}"
EndProject
Global
	GlobalSection(SolutionConfigurationPlatforms) = preSolution
		Debug|Any CPU = Debug|Any CPU
		Release|Any CPU = Release|Any CPU
	EndGlobalSection
	GlobalSection(ProjectConfigurationPlatforms) = postSolution
		{9FDA1230-BD75-4F06-BB88-66C4F98640D8}.Debug|Any CPU.ActiveCfg = Debug|Any CPU
		{9FDA1230-BD75-4F06-BB88-66C4F98640D8}.Debug|Any CPU.Build.0 = Debug|Any CPU
		{9FDA1230-BD75-4F06-BB88-66C4F98640D8}.Release|Any CPU.ActiveCfg = Release|Any CPU
		{9FDA1230-BD75-4F06-BB88-66C4F98640D8}.Release|Any CPU.Build.0 = Release|Any CPU
		{529217A7-F943-4425-8F7F-C97A87AB198B}.Debug|Any CPU.ActiveCfg = Debug|Any CPU
		{529217A7-F943-4425-8F7F-C97A87AB198B}.Debug|Any CPU.Build.0 = Debug|Any CPU
		{529217A7-F943-4425-8F7F-C97A87AB198B}.Release|Any CPU.ActiveCfg = Release|Any CPU
		{529217A7-F943-4425-8F7F-C97A87AB198B}.Release|Any CPU.Build.0 = Release|Any CPU
		{A89F0782-F117-45A9-AB40-EC2D3282899C}.Debug|Any CPU.ActiveCfg = Debug|Any CPU
		{A89F0782-F117-45A9-AB40-EC2D3282899C}.Debug|Any CPU.Build.0 = Debug|Any CPU
		{A89F0782-F117-45A9-AB40-EC2D3282899C}.Release|Any CPU.ActiveCfg = Release|Any CPU
		{A89F0782-F117-45A9-AB40-EC2D3282899C}.Release|Any CPU.Build.0 = Release|Any CPU
		{9D7BFE47-5FD0-4291-8EE2-1CA7502EF95C}.Debug|Any CPU.ActiveCfg = Debug|Any CPU
		{9D7BFE47-5FD0-4291-8EE2-1CA7502EF95C}.Debug|Any CPU.Build.0 = Debug|Any CPU
		{9D7BFE47-5FD0-4291-8EE2-1CA7502EF95C}.Release|Any CPU.ActiveCfg = Release|Any CPU
		{9D7BFE47-5FD0-4291-8EE2-1CA7502EF95C}.Release|Any CPU.Build.0 = Release|Any CPU
	EndGlobalSection
	GlobalSection(SolutionProperties) = preSolution
		HideSolutionNode = FALSE
	EndGlobalSection
	GlobalSection(ExtensibilityGlobals) = postSolution
		SolutionGuid = {F3622550-DAAB-42A6-B634-136F4FE87BF3}
	EndGlobalSection
EndGlobal
